// !$*UTF8*$!
{
	archiveVersion = 1;
	classes = {
	};
	objectVersion = 51;
	objects = {

/* Begin PBXBuildFile section */
		207A2C561194DFFAACAC221D /* Pods_DouYuDemoTests.framework in Frameworks */ = {isa = PBXBuildFile; fileRef = 7A6C0B168E92C3341FD9264E /* Pods_DouYuDemoTests.framework */; };
		513C3BC92476282B00A1B4B3 /* PageContentView.swift in Sources */ = {isa = PBXBuildFile; fileRef = 513C3BC82476282B00A1B4B3 /* PageContentView.swift */; };
		513C3BCB24762BD600A1B4B3 /* UIColor+Extension.swift in Sources */ = {isa = PBXBuildFile; fileRef = 513C3BCA24762BD600A1B4B3 /* UIColor+Extension.swift */; };
		515FB5CB24776A06009B796C /* RecommentVC.swift in Sources */ = {isa = PBXBuildFile; fileRef = 515FB5CA24776A06009B796C /* RecommentVC.swift */; };
		515FB5CE24779FD8009B796C /* CollectionHeaderView.swift in Sources */ = {isa = PBXBuildFile; fileRef = 515FB5CC24779FD8009B796C /* CollectionHeaderView.swift */; };
		515FB5CF24779FD8009B796C /* CollectionHeaderView.xib in Resources */ = {isa = PBXBuildFile; fileRef = 515FB5CD24779FD8009B796C /* CollectionHeaderView.xib */; };
		515FB5D22477A331009B796C /* CollectionNomalCell.swift in Sources */ = {isa = PBXBuildFile; fileRef = 515FB5D02477A331009B796C /* CollectionNomalCell.swift */; };
		515FB5D32477A331009B796C /* CollectionNomalCell.xib in Resources */ = {isa = PBXBuildFile; fileRef = 515FB5D12477A331009B796C /* CollectionNomalCell.xib */; };
		515FB5D62477A91B009B796C /* PrettyCell.swift in Sources */ = {isa = PBXBuildFile; fileRef = 515FB5D42477A91B009B796C /* PrettyCell.swift */; };
		515FB5D72477A91B009B796C /* PrettyCell.xib in Resources */ = {isa = PBXBuildFile; fileRef = 515FB5D52477A91B009B796C /* PrettyCell.xib */; };
		515FB5D92477D682009B796C /* NetworkTools.swift in Sources */ = {isa = PBXBuildFile; fileRef = 515FB5D82477D682009B796C /* NetworkTools.swift */; };
		5162971D2468DA59000DA88F /* HomeVC.swift in Sources */ = {isa = PBXBuildFile; fileRef = 5162971C2468DA59000DA88F /* HomeVC.swift */; };
		51647D1B24665FF7002D2FB9 /* AppDelegate.swift in Sources */ = {isa = PBXBuildFile; fileRef = 51647D1A24665FF7002D2FB9 /* AppDelegate.swift */; };
		51647D2424665FFA002D2FB9 /* Assets.xcassets in Resources */ = {isa = PBXBuildFile; fileRef = 51647D2324665FFA002D2FB9 /* Assets.xcassets */; };
		51647D2724665FFA002D2FB9 /* LaunchScreen.storyboard in Resources */ = {isa = PBXBuildFile; fileRef = 51647D2524665FFA002D2FB9 /* LaunchScreen.storyboard */; };
		51647D3224665FFA002D2FB9 /* DouYuDemoTests.swift in Sources */ = {isa = PBXBuildFile; fileRef = 51647D3124665FFA002D2FB9 /* DouYuDemoTests.swift */; };
		51647D4B24669BD5002D2FB9 /* Live.storyboard in Resources */ = {isa = PBXBuildFile; fileRef = 51647D4A24669BD5002D2FB9 /* Live.storyboard */; };
		51647D532466A324002D2FB9 /* Follow.storyboard in Resources */ = {isa = PBXBuildFile; fileRef = 51647D522466A324002D2FB9 /* Follow.storyboard */; };
		51647D552466A332002D2FB9 /* Profile.storyboard in Resources */ = {isa = PBXBuildFile; fileRef = 51647D542466A332002D2FB9 /* Profile.storyboard */; };
		51647D572466A33E002D2FB9 /* Home.storyboard in Resources */ = {isa = PBXBuildFile; fileRef = 51647D562466A33E002D2FB9 /* Home.storyboard */; };
		51647D592466A34C002D2FB9 /* Main.storyboard in Resources */ = {isa = PBXBuildFile; fileRef = 51647D582466A34C002D2FB9 /* Main.storyboard */; };
		51647D612466A5A8002D2FB9 /* MainVC.swift in Sources */ = {isa = PBXBuildFile; fileRef = 51647D5F2466A5A8002D2FB9 /* MainVC.swift */; };
		516EC1F224760B2D00AA0B4B /* PageTitleView.swift in Sources */ = {isa = PBXBuildFile; fileRef = 516EC1F124760B2D00AA0B4B /* PageTitleView.swift */; };
		516EC1F4247613AF00AA0B4B /* Common.swift in Sources */ = {isa = PBXBuildFile; fileRef = 516EC1F3247613AF00AA0B4B /* Common.swift */; };
		5173051124750C9400E2F44F /* FollowVC.swift in Sources */ = {isa = PBXBuildFile; fileRef = 5173051024750C9400E2F44F /* FollowVC.swift */; };
		5173051324750CC900E2F44F /* ProfileVC.swift in Sources */ = {isa = PBXBuildFile; fileRef = 5173051224750CC900E2F44F /* ProfileVC.swift */; };
		5173051524750CFE00E2F44F /* LiveVC.swift in Sources */ = {isa = PBXBuildFile; fileRef = 5173051424750CFE00E2F44F /* LiveVC.swift */; };
		5173051824751A4A00E2F44F /* UIBarButtonItem-Extension.swift in Sources */ = {isa = PBXBuildFile; fileRef = 5173051724751A4A00E2F44F /* UIBarButtonItem-Extension.swift */; };
		5181DFB0247B6D4E003AC722 /* RecommentViewModel.swift in Sources */ = {isa = PBXBuildFile; fileRef = 5181DFAF247B6D4E003AC722 /* RecommentViewModel.swift */; };
		5181DFB4247B71FA003AC722 /* NSDate-Extension.swift in Sources */ = {isa = PBXBuildFile; fileRef = 5181DFB3247B71FA003AC722 /* NSDate-Extension.swift */; };
		5181DFB6247B954A003AC722 /* AnchorGroup.swift in Sources */ = {isa = PBXBuildFile; fileRef = 5181DFB5247B954A003AC722 /* AnchorGroup.swift */; };
		5181DFB8247BB3F3003AC722 /* AnchorModel.swift in Sources */ = {isa = PBXBuildFile; fileRef = 5181DFB7247BB3F3003AC722 /* AnchorModel.swift */; };
		5181DFBC247BBEBA003AC722 /* LogCategory.m in Sources */ = {isa = PBXBuildFile; fileRef = 5181DFBB247BBEBA003AC722 /* LogCategory.m */; };
		51FF5FA02485EA8200D6E4F0 /* CollectionBaseCell.swift in Sources */ = {isa = PBXBuildFile; fileRef = 51FF5F9F2485EA8200D6E4F0 /* CollectionBaseCell.swift */; };
		51FF5FA22485EFCC00D6E4F0 /* RecommendCycleView.swift in Sources */ = {isa = PBXBuildFile; fileRef = 51FF5FA12485EFCC00D6E4F0 /* RecommendCycleView.swift */; };
		51FF5FA6248626B400D6E4F0 /* RecommendCycleView.xib in Resources */ = {isa = PBXBuildFile; fileRef = 51FF5FA5248626B400D6E4F0 /* RecommendCycleView.xib */; };
		7DC0A7F13BB07D58BB92F210 /* Pods_DouYuDemo.framework in Frameworks */ = {isa = PBXBuildFile; fileRef = 4612009073A6AF87AADAD919 /* Pods_DouYuDemo.framework */; };
/* End PBXBuildFile section */

/* Begin PBXContainerItemProxy section */
		51647D2E24665FFA002D2FB9 /* PBXContainerItemProxy */ = {
			isa = PBXContainerItemProxy;
			containerPortal = 51647D0F24665FF7002D2FB9 /* Project object */;
			proxyType = 1;
			remoteGlobalIDString = 51647D1624665FF7002D2FB9;
			remoteInfo = DouYuDemo;
		};
/* End PBXContainerItemProxy section */

/* Begin PBXFileReference section */
		3AE7233B6B8E7EBDF5B35633 /* Pods-DouYuDemo.debug.xcconfig */ = {isa = PBXFileReference; includeInIndex = 1; lastKnownFileType = text.xcconfig; name = "Pods-DouYuDemo.debug.xcconfig"; path = "Target Support Files/Pods-DouYuDemo/Pods-DouYuDemo.debug.xcconfig"; sourceTree = "<group>"; };
		4612009073A6AF87AADAD919 /* Pods_DouYuDemo.framework */ = {isa = PBXFileReference; explicitFileType = wrapper.framework; includeInIndex = 0; path = Pods_DouYuDemo.framework; sourceTree = BUILT_PRODUCTS_DIR; };
		513C3BC82476282B00A1B4B3 /* PageContentView.swift */ = {isa = PBXFileReference; lastKnownFileType = sourcecode.swift; path = PageContentView.swift; sourceTree = "<group>"; };
		513C3BCA24762BD600A1B4B3 /* UIColor+Extension.swift */ = {isa = PBXFileReference; lastKnownFileType = sourcecode.swift; path = "UIColor+Extension.swift"; sourceTree = "<group>"; };
		515FB5CA24776A06009B796C /* RecommentVC.swift */ = {isa = PBXFileReference; lastKnownFileType = sourcecode.swift; path = RecommentVC.swift; sourceTree = "<group>"; };
		515FB5CC24779FD8009B796C /* CollectionHeaderView.swift */ = {isa = PBXFileReference; lastKnownFileType = sourcecode.swift; path = CollectionHeaderView.swift; sourceTree = "<group>"; };
		515FB5CD24779FD8009B796C /* CollectionHeaderView.xib */ = {isa = PBXFileReference; lastKnownFileType = file.xib; path = CollectionHeaderView.xib; sourceTree = "<group>"; };
		515FB5D02477A331009B796C /* CollectionNomalCell.swift */ = {isa = PBXFileReference; lastKnownFileType = sourcecode.swift; path = CollectionNomalCell.swift; sourceTree = "<group>"; };
		515FB5D12477A331009B796C /* CollectionNomalCell.xib */ = {isa = PBXFileReference; lastKnownFileType = file.xib; path = CollectionNomalCell.xib; sourceTree = "<group>"; };
		515FB5D42477A91B009B796C /* PrettyCell.swift */ = {isa = PBXFileReference; lastKnownFileType = sourcecode.swift; path = PrettyCell.swift; sourceTree = "<group>"; };
		515FB5D52477A91B009B796C /* PrettyCell.xib */ = {isa = PBXFileReference; lastKnownFileType = file.xib; path = PrettyCell.xib; sourceTree = "<group>"; };
		515FB5D82477D682009B796C /* NetworkTools.swift */ = {isa = PBXFileReference; lastKnownFileType = sourcecode.swift; path = NetworkTools.swift; sourceTree = "<group>"; };
		5162971C2468DA59000DA88F /* HomeVC.swift */ = {isa = PBXFileReference; lastKnownFileType = sourcecode.swift; path = HomeVC.swift; sourceTree = "<group>"; };
		51647D1724665FF7002D2FB9 /* DouYuDemo.app */ = {isa = PBXFileReference; explicitFileType = wrapper.application; includeInIndex = 0; path = DouYuDemo.app; sourceTree = BUILT_PRODUCTS_DIR; };
		51647D1A24665FF7002D2FB9 /* AppDelegate.swift */ = {isa = PBXFileReference; lastKnownFileType = sourcecode.swift; path = AppDelegate.swift; sourceTree = "<group>"; };
		51647D2324665FFA002D2FB9 /* Assets.xcassets */ = {isa = PBXFileReference; lastKnownFileType = folder.assetcatalog; path = Assets.xcassets; sourceTree = "<group>"; };
		51647D2624665FFA002D2FB9 /* Base */ = {isa = PBXFileReference; lastKnownFileType = file.storyboard; name = Base; path = Base.lproj/LaunchScreen.storyboard; sourceTree = "<group>"; };
		51647D2824665FFA002D2FB9 /* Info.plist */ = {isa = PBXFileReference; lastKnownFileType = text.plist.xml; path = Info.plist; sourceTree = "<group>"; };
		51647D2D24665FFA002D2FB9 /* DouYuDemoTests.xctest */ = {isa = PBXFileReference; explicitFileType = wrapper.cfbundle; includeInIndex = 0; path = DouYuDemoTests.xctest; sourceTree = BUILT_PRODUCTS_DIR; };
		51647D3124665FFA002D2FB9 /* DouYuDemoTests.swift */ = {isa = PBXFileReference; lastKnownFileType = sourcecode.swift; path = DouYuDemoTests.swift; sourceTree = "<group>"; };
		51647D3324665FFA002D2FB9 /* Info.plist */ = {isa = PBXFileReference; lastKnownFileType = text.plist.xml; path = Info.plist; sourceTree = "<group>"; };
		51647D4A24669BD5002D2FB9 /* Live.storyboard */ = {isa = PBXFileReference; fileEncoding = 4; lastKnownFileType = file.storyboard; path = Live.storyboard; sourceTree = "<group>"; };
		51647D522466A324002D2FB9 /* Follow.storyboard */ = {isa = PBXFileReference; fileEncoding = 4; lastKnownFileType = file.storyboard; path = Follow.storyboard; sourceTree = "<group>"; };
		51647D542466A332002D2FB9 /* Profile.storyboard */ = {isa = PBXFileReference; fileEncoding = 4; lastKnownFileType = file.storyboard; path = Profile.storyboard; sourceTree = "<group>"; };
		51647D562466A33E002D2FB9 /* Home.storyboard */ = {isa = PBXFileReference; fileEncoding = 4; lastKnownFileType = file.storyboard; name = Home.storyboard; path = ../Home.storyboard; sourceTree = "<group>"; };
		51647D582466A34C002D2FB9 /* Main.storyboard */ = {isa = PBXFileReference; fileEncoding = 4; lastKnownFileType = file.storyboard; path = Main.storyboard; sourceTree = "<group>"; };
		51647D5F2466A5A8002D2FB9 /* MainVC.swift */ = {isa = PBXFileReference; fileEncoding = 4; lastKnownFileType = sourcecode.swift; path = MainVC.swift; sourceTree = "<group>"; };
		516EC1F124760B2D00AA0B4B /* PageTitleView.swift */ = {isa = PBXFileReference; lastKnownFileType = sourcecode.swift; path = PageTitleView.swift; sourceTree = "<group>"; wrapsLines = 0; };
		516EC1F3247613AF00AA0B4B /* Common.swift */ = {isa = PBXFileReference; lastKnownFileType = sourcecode.swift; path = Common.swift; sourceTree = "<group>"; };
		5173051024750C9400E2F44F /* FollowVC.swift */ = {isa = PBXFileReference; lastKnownFileType = sourcecode.swift; path = FollowVC.swift; sourceTree = "<group>"; };
		5173051224750CC900E2F44F /* ProfileVC.swift */ = {isa = PBXFileReference; lastKnownFileType = sourcecode.swift; path = ProfileVC.swift; sourceTree = "<group>"; };
		5173051424750CFE00E2F44F /* LiveVC.swift */ = {isa = PBXFileReference; lastKnownFileType = sourcecode.swift; path = LiveVC.swift; sourceTree = "<group>"; };
		5173051724751A4A00E2F44F /* UIBarButtonItem-Extension.swift */ = {isa = PBXFileReference; lastKnownFileType = sourcecode.swift; path = "UIBarButtonItem-Extension.swift"; sourceTree = "<group>"; };
		5181DFAF247B6D4E003AC722 /* RecommentViewModel.swift */ = {isa = PBXFileReference; lastKnownFileType = sourcecode.swift; path = RecommentViewModel.swift; sourceTree = "<group>"; };
		5181DFB3247B71FA003AC722 /* NSDate-Extension.swift */ = {isa = PBXFileReference; lastKnownFileType = sourcecode.swift; path = "NSDate-Extension.swift"; sourceTree = "<group>"; };
		5181DFB5247B954A003AC722 /* AnchorGroup.swift */ = {isa = PBXFileReference; lastKnownFileType = sourcecode.swift; path = AnchorGroup.swift; sourceTree = "<group>"; };
		5181DFB7247BB3F3003AC722 /* AnchorModel.swift */ = {isa = PBXFileReference; lastKnownFileType = sourcecode.swift; path = AnchorModel.swift; sourceTree = "<group>"; };
		5181DFBA247BBEBA003AC722 /* LogCategory.h */ = {isa = PBXFileReference; fileEncoding = 4; lastKnownFileType = sourcecode.c.h; path = LogCategory.h; sourceTree = "<group>"; };
		5181DFBB247BBEBA003AC722 /* LogCategory.m */ = {isa = PBXFileReference; fileEncoding = 4; lastKnownFileType = sourcecode.c.objc; path = LogCategory.m; sourceTree = "<group>"; };
		51FF5F9F2485EA8200D6E4F0 /* CollectionBaseCell.swift */ = {isa = PBXFileReference; lastKnownFileType = sourcecode.swift; path = CollectionBaseCell.swift; sourceTree = "<group>"; };
		51FF5FA12485EFCC00D6E4F0 /* RecommendCycleView.swift */ = {isa = PBXFileReference; lastKnownFileType = sourcecode.swift; path = RecommendCycleView.swift; sourceTree = "<group>"; };
		51FF5FA5248626B400D6E4F0 /* RecommendCycleView.xib */ = {isa = PBXFileReference; lastKnownFileType = file.xib; path = RecommendCycleView.xib; sourceTree = "<group>"; };
		634B65A8F80E52B3FBBF74F6 /* Pods-DouYuDemo.release.xcconfig */ = {isa = PBXFileReference; includeInIndex = 1; lastKnownFileType = text.xcconfig; name = "Pods-DouYuDemo.release.xcconfig"; path = "Target Support Files/Pods-DouYuDemo/Pods-DouYuDemo.release.xcconfig"; sourceTree = "<group>"; };
		7A6C0B168E92C3341FD9264E /* Pods_DouYuDemoTests.framework */ = {isa = PBXFileReference; explicitFileType = wrapper.framework; includeInIndex = 0; path = Pods_DouYuDemoTests.framework; sourceTree = BUILT_PRODUCTS_DIR; };
		9B8D8B6C00075C3C071FF89E /* Pods-DouYuDemoTests.debug.xcconfig */ = {isa = PBXFileReference; includeInIndex = 1; lastKnownFileType = text.xcconfig; name = "Pods-DouYuDemoTests.debug.xcconfig"; path = "Target Support Files/Pods-DouYuDemoTests/Pods-DouYuDemoTests.debug.xcconfig"; sourceTree = "<group>"; };
		B92B470364E976F5E14162D8 /* Pods-DouYuDemoTests.release.xcconfig */ = {isa = PBXFileReference; includeInIndex = 1; lastKnownFileType = text.xcconfig; name = "Pods-DouYuDemoTests.release.xcconfig"; path = "Target Support Files/Pods-DouYuDemoTests/Pods-DouYuDemoTests.release.xcconfig"; sourceTree = "<group>"; };
/* End PBXFileReference section */

/* Begin PBXFrameworksBuildPhase section */
		51647D1424665FF7002D2FB9 /* Frameworks */ = {
			isa = PBXFrameworksBuildPhase;
			buildActionMask = 2147483647;
			files = (
				7DC0A7F13BB07D58BB92F210 /* Pods_DouYuDemo.framework in Frameworks */,
			);
			runOnlyForDeploymentPostprocessing = 0;
		};
		51647D2A24665FFA002D2FB9 /* Frameworks */ = {
			isa = PBXFrameworksBuildPhase;
			buildActionMask = 2147483647;
			files = (
				207A2C561194DFFAACAC221D /* Pods_DouYuDemoTests.framework in Frameworks */,
			);
			runOnlyForDeploymentPostprocessing = 0;
		};
/* End PBXFrameworksBuildPhase section */

/* Begin PBXGroup section */
		51647D0E24665FF7002D2FB9 = {
			isa = PBXGroup;
			children = (
				51647D1924665FF7002D2FB9 /* DouYuDemo */,
				51647D3024665FFA002D2FB9 /* DouYuDemoTests */,
				51647D1824665FF7002D2FB9 /* Products */,
				EB6C8D61C811E8B126F63942 /* Pods */,
				C57CDE1FD2B85CE93E5674ED /* Frameworks */,
			);
			sourceTree = "<group>";
		};
		51647D1824665FF7002D2FB9 /* Products */ = {
			isa = PBXGroup;
			children = (
				51647D1724665FF7002D2FB9 /* DouYuDemo.app */,
				51647D2D24665FFA002D2FB9 /* DouYuDemoTests.xctest */,
			);
			name = Products;
			sourceTree = "<group>";
		};
		51647D1924665FF7002D2FB9 /* DouYuDemo */ = {
			isa = PBXGroup;
			children = (
				51647D1A24665FF7002D2FB9 /* AppDelegate.swift */,
				51647D3C24668015002D2FB9 /* classes */,
				51647D2324665FFA002D2FB9 /* Assets.xcassets */,
				51647D2524665FFA002D2FB9 /* LaunchScreen.storyboard */,
				51647D2824665FFA002D2FB9 /* Info.plist */,
			);
			path = DouYuDemo;
			sourceTree = "<group>";
		};
		51647D3024665FFA002D2FB9 /* DouYuDemoTests */ = {
			isa = PBXGroup;
			children = (
				51647D3124665FFA002D2FB9 /* DouYuDemoTests.swift */,
				51647D3324665FFA002D2FB9 /* Info.plist */,
			);
			path = DouYuDemoTests;
			sourceTree = "<group>";
		};
		51647D3C24668015002D2FB9 /* classes */ = {
			isa = PBXGroup;
			children = (
				51647D3D24668015002D2FB9 /* Home */,
				51647D3E24668015002D2FB9 /* Tools */,
				51647D3F24668015002D2FB9 /* Follow */,
				51647D4024668015002D2FB9 /* Profile */,
				51647D4124668015002D2FB9 /* Live */,
				51647D4224668015002D2FB9 /* Main */,
			);
			path = classes;
			sourceTree = "<group>";
		};
		51647D3D24668015002D2FB9 /* Home */ = {
			isa = PBXGroup;
			children = (
				5181DFAE247B6D0E003AC722 /* ModelView */,
				51647D5B2466A4FE002D2FB9 /* Controller */,
				51647D5A2466A4FE002D2FB9 /* Model */,
				51647D5C2466A4FF002D2FB9 /* View */,
			);
			path = Home;
			sourceTree = "<group>";
		};
		51647D3E24668015002D2FB9 /* Tools */ = {
			isa = PBXGroup;
			children = (
				5181DFB9247BBEBA003AC722 /* LogCategory */,
				5173051624751A0D00E2F44F /* Extension */,
				516EC1F3247613AF00AA0B4B /* Common.swift */,
				515FB5D82477D682009B796C /* NetworkTools.swift */,
			);
			path = Tools;
			sourceTree = "<group>";
		};
		51647D3F24668015002D2FB9 /* Follow */ = {
			isa = PBXGroup;
			children = (
				51647D522466A324002D2FB9 /* Follow.storyboard */,
				5173051024750C9400E2F44F /* FollowVC.swift */,
			);
			path = Follow;
			sourceTree = "<group>";
		};
		51647D4024668015002D2FB9 /* Profile */ = {
			isa = PBXGroup;
			children = (
				51647D542466A332002D2FB9 /* Profile.storyboard */,
				5173051224750CC900E2F44F /* ProfileVC.swift */,
			);
			path = Profile;
			sourceTree = "<group>";
		};
		51647D4124668015002D2FB9 /* Live */ = {
			isa = PBXGroup;
			children = (
				51647D4A24669BD5002D2FB9 /* Live.storyboard */,
				5173051424750CFE00E2F44F /* LiveVC.swift */,
			);
			path = Live;
			sourceTree = "<group>";
		};
		51647D4224668015002D2FB9 /* Main */ = {
			isa = PBXGroup;
			children = (
				51647D5E2466A5A8002D2FB9 /* Controller */,
				51647D602466A5A8002D2FB9 /* Model */,
				51647D5D2466A5A8002D2FB9 /* View */,
			);
			path = Main;
			sourceTree = "<group>";
		};
		51647D5A2466A4FE002D2FB9 /* Model */ = {
			isa = PBXGroup;
			children = (
			);
			path = Model;
			sourceTree = "<group>";
		};
		51647D5B2466A4FE002D2FB9 /* Controller */ = {
			isa = PBXGroup;
			children = (
				51647D562466A33E002D2FB9 /* Home.storyboard */,
				5162971C2468DA59000DA88F /* HomeVC.swift */,
				515FB5CA24776A06009B796C /* RecommentVC.swift */,
			);
			path = Controller;
			sourceTree = "<group>";
		};
		51647D5C2466A4FF002D2FB9 /* View */ = {
			isa = PBXGroup;
			children = (
				515FB5CC24779FD8009B796C /* CollectionHeaderView.swift */,
				515FB5CD24779FD8009B796C /* CollectionHeaderView.xib */,
				51FF5FA12485EFCC00D6E4F0 /* RecommendCycleView.swift */,
				51FF5FA5248626B400D6E4F0 /* RecommendCycleView.xib */,
			);
			path = View;
			sourceTree = "<group>";
		};
		51647D5D2466A5A8002D2FB9 /* View */ = {
			isa = PBXGroup;
			children = (
				516EC1F124760B2D00AA0B4B /* PageTitleView.swift */,
				513C3BC82476282B00A1B4B3 /* PageContentView.swift */,
				515FB5D02477A331009B796C /* CollectionNomalCell.swift */,
				515FB5D12477A331009B796C /* CollectionNomalCell.xib */,
				515FB5D42477A91B009B796C /* PrettyCell.swift */,
				515FB5D52477A91B009B796C /* PrettyCell.xib */,
				51FF5F9F2485EA8200D6E4F0 /* CollectionBaseCell.swift */,
			);
			path = View;
			sourceTree = "<group>";
		};
		51647D5E2466A5A8002D2FB9 /* Controller */ = {
			isa = PBXGroup;
			children = (
				51647D582466A34C002D2FB9 /* Main.storyboard */,
				51647D5F2466A5A8002D2FB9 /* MainVC.swift */,
			);
			path = Controller;
			sourceTree = "<group>";
		};
		51647D602466A5A8002D2FB9 /* Model */ = {
			isa = PBXGroup;
			children = (
				5181DFB5247B954A003AC722 /* AnchorGroup.swift */,
				5181DFB7247BB3F3003AC722 /* AnchorModel.swift */,
			);
			path = Model;
			sourceTree = "<group>";
		};
		5173051624751A0D00E2F44F /* Extension */ = {
			isa = PBXGroup;
			children = (
				5173051724751A4A00E2F44F /* UIBarButtonItem-Extension.swift */,
				513C3BCA24762BD600A1B4B3 /* UIColor+Extension.swift */,
				5181DFB3247B71FA003AC722 /* NSDate-Extension.swift */,
			);
			path = Extension;
			sourceTree = "<group>";
		};
		5181DFAE247B6D0E003AC722 /* ModelView */ = {
			isa = PBXGroup;
			children = (
				5181DFAF247B6D4E003AC722 /* RecommentViewModel.swift */,
			);
			path = ModelView;
			sourceTree = "<group>";
		};
		5181DFB9247BBEBA003AC722 /* LogCategory */ = {
			isa = PBXGroup;
			children = (
				5181DFBA247BBEBA003AC722 /* LogCategory.h */,
				5181DFBB247BBEBA003AC722 /* LogCategory.m */,
			);
			path = LogCategory;
			sourceTree = "<group>";
		};
		C57CDE1FD2B85CE93E5674ED /* Frameworks */ = {
			isa = PBXGroup;
			children = (
				4612009073A6AF87AADAD919 /* Pods_DouYuDemo.framework */,
				7A6C0B168E92C3341FD9264E /* Pods_DouYuDemoTests.framework */,
			);
			name = Frameworks;
			sourceTree = "<group>";
		};
		EB6C8D61C811E8B126F63942 /* Pods */ = {
			isa = PBXGroup;
			children = (
				3AE7233B6B8E7EBDF5B35633 /* Pods-DouYuDemo.debug.xcconfig */,
				634B65A8F80E52B3FBBF74F6 /* Pods-DouYuDemo.release.xcconfig */,
				9B8D8B6C00075C3C071FF89E /* Pods-DouYuDemoTests.debug.xcconfig */,
				B92B470364E976F5E14162D8 /* Pods-DouYuDemoTests.release.xcconfig */,
			);
			path = Pods;
			sourceTree = "<group>";
		};
/* End PBXGroup section */

/* Begin PBXNativeTarget section */
		51647D1624665FF7002D2FB9 /* DouYuDemo */ = {
			isa = PBXNativeTarget;
			buildConfigurationList = 51647D3624665FFA002D2FB9 /* Build configuration list for PBXNativeTarget "DouYuDemo" */;
			buildPhases = (
				ECBD0BB26CD3DA0B44B8E139 /* [CP] Check Pods Manifest.lock */,
				51647D1324665FF7002D2FB9 /* Sources */,
				51647D1424665FF7002D2FB9 /* Frameworks */,
				51647D1524665FF7002D2FB9 /* Resources */,
				6047552E50238C7D8A76ACC0 /* [CP] Embed Pods Frameworks */,
			);
			buildRules = (
			);
			dependencies = (
			);
			name = DouYuDemo;
			productName = DouYuDemo;
			productReference = 51647D1724665FF7002D2FB9 /* DouYuDemo.app */;
			productType = "com.apple.product-type.application";
		};
		51647D2C24665FFA002D2FB9 /* DouYuDemoTests */ = {
			isa = PBXNativeTarget;
			buildConfigurationList = 51647D3924665FFA002D2FB9 /* Build configuration list for PBXNativeTarget "DouYuDemoTests" */;
			buildPhases = (
				EA27D1B21C4D7BC886FEE9EE /* [CP] Check Pods Manifest.lock */,
				51647D2924665FFA002D2FB9 /* Sources */,
				51647D2A24665FFA002D2FB9 /* Frameworks */,
				51647D2B24665FFA002D2FB9 /* Resources */,
			);
			buildRules = (
			);
			dependencies = (
				51647D2F24665FFA002D2FB9 /* PBXTargetDependency */,
			);
			name = DouYuDemoTests;
			productName = DouYuDemoTests;
			productReference = 51647D2D24665FFA002D2FB9 /* DouYuDemoTests.xctest */;
			productType = "com.apple.product-type.bundle.unit-test";
		};
/* End PBXNativeTarget section */

/* Begin PBXProject section */
		51647D0F24665FF7002D2FB9 /* Project object */ = {
			isa = PBXProject;
			attributes = {
				LastSwiftUpdateCheck = 1130;
				LastUpgradeCheck = 1130;
				ORGANIZATIONNAME = TS;
				TargetAttributes = {
					51647D1624665FF7002D2FB9 = {
						CreatedOnToolsVersion = 11.3;
					};
					51647D2C24665FFA002D2FB9 = {
						CreatedOnToolsVersion = 11.3;
						TestTargetID = 51647D1624665FF7002D2FB9;
					};
				};
			};
			buildConfigurationList = 51647D1224665FF7002D2FB9 /* Build configuration list for PBXProject "DouYuDemo" */;
			compatibilityVersion = "Xcode 9.3";
			developmentRegion = en;
			hasScannedForEncodings = 0;
			knownRegions = (
				en,
				Base,
			);
			mainGroup = 51647D0E24665FF7002D2FB9;
			productRefGroup = 51647D1824665FF7002D2FB9 /* Products */;
			projectDirPath = "";
			projectRoot = "";
			targets = (
				51647D1624665FF7002D2FB9 /* DouYuDemo */,
				51647D2C24665FFA002D2FB9 /* DouYuDemoTests */,
			);
		};
/* End PBXProject section */

/* Begin PBXResourcesBuildPhase section */
		51647D1524665FF7002D2FB9 /* Resources */ = {
			isa = PBXResourcesBuildPhase;
			buildActionMask = 2147483647;
			files = (
				515FB5D32477A331009B796C /* CollectionNomalCell.xib in Resources */,
				51647D2724665FFA002D2FB9 /* LaunchScreen.storyboard in Resources */,
				515FB5CF24779FD8009B796C /* CollectionHeaderView.xib in Resources */,
				51647D2424665FFA002D2FB9 /* Assets.xcassets in Resources */,
				51647D532466A324002D2FB9 /* Follow.storyboard in Resources */,
				515FB5D72477A91B009B796C /* PrettyCell.xib in Resources */,
				51647D4B24669BD5002D2FB9 /* Live.storyboard in Resources */,
				51FF5FA6248626B400D6E4F0 /* RecommendCycleView.xib in Resources */,
				51647D552466A332002D2FB9 /* Profile.storyboard in Resources */,
				51647D592466A34C002D2FB9 /* Main.storyboard in Resources */,
				51647D572466A33E002D2FB9 /* Home.storyboard in Resources */,
			);
			runOnlyForDeploymentPostprocessing = 0;
		};
		51647D2B24665FFA002D2FB9 /* Resources */ = {
			isa = PBXResourcesBuildPhase;
			buildActionMask = 2147483647;
			files = (
			);
			runOnlyForDeploymentPostprocessing = 0;
		};
/* End PBXResourcesBuildPhase section */

/* Begin PBXShellScriptBuildPhase section */
		6047552E50238C7D8A76ACC0 /* [CP] Embed Pods Frameworks */ = {
			isa = PBXShellScriptBuildPhase;
			buildActionMask = 2147483647;
			files = (
			);
			inputFileListPaths = (
				"${PODS_ROOT}/Target Support Files/Pods-DouYuDemo/Pods-DouYuDemo-frameworks-${CONFIGURATION}-input-files.xcfilelist",
			);
			name = "[CP] Embed Pods Frameworks";
			outputFileListPaths = (
				"${PODS_ROOT}/Target Support Files/Pods-DouYuDemo/Pods-DouYuDemo-frameworks-${CONFIGURATION}-output-files.xcfilelist",
			);
			runOnlyForDeploymentPostprocessing = 0;
			shellPath = /bin/sh;
			shellScript = "\"${PODS_ROOT}/Target Support Files/Pods-DouYuDemo/Pods-DouYuDemo-frameworks.sh\"\n";
			showEnvVarsInLog = 0;
		};
		EA27D1B21C4D7BC886FEE9EE /* [CP] Check Pods Manifest.lock */ = {
			isa = PBXShellScriptBuildPhase;
			buildActionMask = 2147483647;
			files = (
			);
			inputFileListPaths = (
			);
			inputPaths = (
				"${PODS_PODFILE_DIR_PATH}/Podfile.lock",
				"${PODS_ROOT}/Manifest.lock",
			);
			name = "[CP] Check Pods Manifest.lock";
			outputFileListPaths = (
			);
			outputPaths = (
				"$(DERIVED_FILE_DIR)/Pods-DouYuDemoTests-checkManifestLockResult.txt",
			);
			runOnlyForDeploymentPostprocessing = 0;
			shellPath = /bin/sh;
			shellScript = "diff \"${PODS_PODFILE_DIR_PATH}/Podfile.lock\" \"${PODS_ROOT}/Manifest.lock\" > /dev/null\nif [ $? != 0 ] ; then\n    # print error to STDERR\n    echo \"error: The sandbox is not in sync with the Podfile.lock. Run 'pod install' or update your CocoaPods installation.\" >&2\n    exit 1\nfi\n# This output is used by Xcode 'outputs' to avoid re-running this script phase.\necho \"SUCCESS\" > \"${SCRIPT_OUTPUT_FILE_0}\"\n";
			showEnvVarsInLog = 0;
		};
		ECBD0BB26CD3DA0B44B8E139 /* [CP] Check Pods Manifest.lock */ = {
			isa = PBXShellScriptBuildPhase;
			buildActionMask = 2147483647;
			files = (
			);
			inputFileListPaths = (
			);
			inputPaths = (
				"${PODS_PODFILE_DIR_PATH}/Podfile.lock",
				"${PODS_ROOT}/Manifest.lock",
			);
			name = "[CP] Check Pods Manifest.lock";
			outputFileListPaths = (
			);
			outputPaths = (
				"$(DERIVED_FILE_DIR)/Pods-DouYuDemo-checkManifestLockResult.txt",
			);
			runOnlyForDeploymentPostprocessing = 0;
			shellPath = /bin/sh;
			shellScript = "diff \"${PODS_PODFILE_DIR_PATH}/Podfile.lock\" \"${PODS_ROOT}/Manifest.lock\" > /dev/null\nif [ $? != 0 ] ; then\n    # print error to STDERR\n    echo \"error: The sandbox is not in sync with the Podfile.lock. Run 'pod install' or update your CocoaPods installation.\" >&2\n    exit 1\nfi\n# This output is used by Xcode 'outputs' to avoid re-running this script phase.\necho \"SUCCESS\" > \"${SCRIPT_OUTPUT_FILE_0}\"\n";
			showEnvVarsInLog = 0;
		};
/* End PBXShellScriptBuildPhase section */

/* Begin PBXSourcesBuildPhase section */
		51647D1324665FF7002D2FB9 /* Sources */ = {
			isa = PBXSourcesBuildPhase;
			buildActionMask = 2147483647;
			files = (
				516EC1F224760B2D00AA0B4B /* PageTitleView.swift in Sources */,
				5173051524750CFE00E2F44F /* LiveVC.swift in Sources */,
				51FF5FA02485EA8200D6E4F0 /* CollectionBaseCell.swift in Sources */,
				5173051324750CC900E2F44F /* ProfileVC.swift in Sources */,
				515FB5CB24776A06009B796C /* RecommentVC.swift in Sources */,
				515FB5D62477A91B009B796C /* PrettyCell.swift in Sources */,
				513C3BCB24762BD600A1B4B3 /* UIColor+Extension.swift in Sources */,
				513C3BC92476282B00A1B4B3 /* PageContentView.swift in Sources */,
				5181DFB0247B6D4E003AC722 /* RecommentViewModel.swift in Sources */,
				5162971D2468DA59000DA88F /* HomeVC.swift in Sources */,
				515FB5D92477D682009B796C /* NetworkTools.swift in Sources */,
				5181DFB4247B71FA003AC722 /* NSDate-Extension.swift in Sources */,
				51FF5FA22485EFCC00D6E4F0 /* RecommendCycleView.swift in Sources */,
				515FB5CE24779FD8009B796C /* CollectionHeaderView.swift in Sources */,
				516EC1F4247613AF00AA0B4B /* Common.swift in Sources */,
				515FB5D22477A331009B796C /* CollectionNomalCell.swift in Sources */,
				5173051124750C9400E2F44F /* FollowVC.swift in Sources */,
				51647D1B24665FF7002D2FB9 /* AppDelegate.swift in Sources */,
				5181DFB8247BB3F3003AC722 /* AnchorModel.swift in Sources */,
				5181DFBC247BBEBA003AC722 /* LogCategory.m in Sources */,
				51647D612466A5A8002D2FB9 /* MainVC.swift in Sources */,
				5173051824751A4A00E2F44F /* UIBarButtonItem-Extension.swift in Sources */,
				5181DFB6247B954A003AC722 /* AnchorGroup.swift in Sources */,
			);
			runOnlyForDeploymentPostprocessing = 0;
		};
		51647D2924665FFA002D2FB9 /* Sources */ = {
			isa = PBXSourcesBuildPhase;
			buildActionMask = 2147483647;
			files = (
				51647D3224665FFA002D2FB9 /* DouYuDemoTests.swift in Sources */,
			);
			runOnlyForDeploymentPostprocessing = 0;
		};
/* End PBXSourcesBuildPhase section */

/* Begin PBXTargetDependency section */
		51647D2F24665FFA002D2FB9 /* PBXTargetDependency */ = {
			isa = PBXTargetDependency;
			target = 51647D1624665FF7002D2FB9 /* DouYuDemo */;
			targetProxy = 51647D2E24665FFA002D2FB9 /* PBXContainerItemProxy */;
		};
/* End PBXTargetDependency section */

/* Begin PBXVariantGroup section */
		51647D2524665FFA002D2FB9 /* LaunchScreen.storyboard */ = {
			isa = PBXVariantGroup;
			children = (
				51647D2624665FFA002D2FB9 /* Base */,
			);
			name = LaunchScreen.storyboard;
			sourceTree = "<group>";
		};
/* End PBXVariantGroup section */

/* Begin XCBuildConfiguration section */
		51647D3424665FFA002D2FB9 /* Debug */ = {
			isa = XCBuildConfiguration;
			buildSettings = {
				ALWAYS_SEARCH_USER_PATHS = NO;
				CLANG_ANALYZER_NONNULL = YES;
				CLANG_ANALYZER_NUMBER_OBJECT_CONVERSION = YES_AGGRESSIVE;
				CLANG_CXX_LANGUAGE_STANDARD = "gnu++14";
				CLANG_CXX_LIBRARY = "libc++";
				CLANG_ENABLE_MODULES = YES;
				CLANG_ENABLE_OBJC_ARC = YES;
				CLANG_ENABLE_OBJC_WEAK = YES;
				CLANG_WARN_BLOCK_CAPTURE_AUTORELEASING = YES;
				CLANG_WARN_BOOL_CONVERSION = YES;
				CLANG_WARN_COMMA = YES;
				CLANG_WARN_CONSTANT_CONVERSION = YES;
				CLANG_WARN_DEPRECATED_OBJC_IMPLEMENTATIONS = YES;
				CLANG_WARN_DIRECT_OBJC_ISA_USAGE = YES_ERROR;
				CLANG_WARN_DOCUMENTATION_COMMENTS = YES;
				CLANG_WARN_EMPTY_BODY = YES;
				CLANG_WARN_ENUM_CONVERSION = YES;
				CLANG_WARN_INFINITE_RECURSION = YES;
				CLANG_WARN_INT_CONVERSION = YES;
				CLANG_WARN_NON_LITERAL_NULL_CONVERSION = YES;
				CLANG_WARN_OBJC_IMPLICIT_RETAIN_SELF = YES;
				CLANG_WARN_OBJC_LITERAL_CONVERSION = YES;
				CLANG_WARN_OBJC_ROOT_CLASS = YES_ERROR;
				CLANG_WARN_RANGE_LOOP_ANALYSIS = YES;
				CLANG_WARN_STRICT_PROTOTYPES = YES;
				CLANG_WARN_SUSPICIOUS_MOVE = YES;
				CLANG_WARN_UNGUARDED_AVAILABILITY = YES_AGGRESSIVE;
				CLANG_WARN_UNREACHABLE_CODE = YES;
				CLANG_WARN__DUPLICATE_METHOD_MATCH = YES;
				COPY_PHASE_STRIP = NO;
				DEBUG_INFORMATION_FORMAT = dwarf;
				ENABLE_STRICT_OBJC_MSGSEND = YES;
				ENABLE_TESTABILITY = YES;
				GCC_C_LANGUAGE_STANDARD = gnu11;
				GCC_DYNAMIC_NO_PIC = NO;
				GCC_NO_COMMON_BLOCKS = YES;
				GCC_OPTIMIZATION_LEVEL = 0;
				GCC_PREPROCESSOR_DEFINITIONS = (
					"DEBUG=1",
					"$(inherited)",
				);
				GCC_WARN_64_TO_32_BIT_CONVERSION = YES;
				GCC_WARN_ABOUT_RETURN_TYPE = YES_ERROR;
				GCC_WARN_UNDECLARED_SELECTOR = YES;
				GCC_WARN_UNINITIALIZED_AUTOS = YES_AGGRESSIVE;
				GCC_WARN_UNUSED_FUNCTION = YES;
				GCC_WARN_UNUSED_VARIABLE = YES;
				IPHONEOS_DEPLOYMENT_TARGET = 13.2;
				MTL_ENABLE_DEBUG_INFO = INCLUDE_SOURCE;
				MTL_FAST_MATH = YES;
				ONLY_ACTIVE_ARCH = YES;
				SDKROOT = iphoneos;
				SWIFT_ACTIVE_COMPILATION_CONDITIONS = DEBUG;
				SWIFT_OPTIMIZATION_LEVEL = "-Onone";
			};
			name = Debug;
		};
		51647D3524665FFA002D2FB9 /* Release */ = {
			isa = XCBuildConfiguration;
			buildSettings = {
				ALWAYS_SEARCH_USER_PATHS = NO;
				CLANG_ANALYZER_NONNULL = YES;
				CLANG_ANALYZER_NUMBER_OBJECT_CONVERSION = YES_AGGRESSIVE;
				CLANG_CXX_LANGUAGE_STANDARD = "gnu++14";
				CLANG_CXX_LIBRARY = "libc++";
				CLANG_ENABLE_MODULES = YES;
				CLANG_ENABLE_OBJC_ARC = YES;
				CLANG_ENABLE_OBJC_WEAK = YES;
				CLANG_WARN_BLOCK_CAPTURE_AUTORELEASING = YES;
				CLANG_WARN_BOOL_CONVERSION = YES;
				CLANG_WARN_COMMA = YES;
				CLANG_WARN_CONSTANT_CONVERSION = YES;
				CLANG_WARN_DEPRECATED_OBJC_IMPLEMENTATIONS = YES;
				CLANG_WARN_DIRECT_OBJC_ISA_USAGE = YES_ERROR;
				CLANG_WARN_DOCUMENTATION_COMMENTS = YES;
				CLANG_WARN_EMPTY_BODY = YES;
				CLANG_WARN_ENUM_CONVERSION = YES;
				CLANG_WARN_INFINITE_RECURSION = YES;
				CLANG_WARN_INT_CONVERSION = YES;
				CLANG_WARN_NON_LITERAL_NULL_CONVERSION = YES;
				CLANG_WARN_OBJC_IMPLICIT_RETAIN_SELF = YES;
				CLANG_WARN_OBJC_LITERAL_CONVERSION = YES;
				CLANG_WARN_OBJC_ROOT_CLASS = YES_ERROR;
				CLANG_WARN_RANGE_LOOP_ANALYSIS = YES;
				CLANG_WARN_STRICT_PROTOTYPES = YES;
				CLANG_WARN_SUSPICIOUS_MOVE = YES;
				CLANG_WARN_UNGUARDED_AVAILABILITY = YES_AGGRESSIVE;
				CLANG_WARN_UNREACHABLE_CODE = YES;
				CLANG_WARN__DUPLICATE_METHOD_MATCH = YES;
				COPY_PHASE_STRIP = NO;
				DEBUG_INFORMATION_FORMAT = "dwarf-with-dsym";
				ENABLE_NS_ASSERTIONS = NO;
				ENABLE_STRICT_OBJC_MSGSEND = YES;
				GCC_C_LANGUAGE_STANDARD = gnu11;
				GCC_NO_COMMON_BLOCKS = YES;
				GCC_WARN_64_TO_32_BIT_CONVERSION = YES;
				GCC_WARN_ABOUT_RETURN_TYPE = YES_ERROR;
				GCC_WARN_UNDECLARED_SELECTOR = YES;
				GCC_WARN_UNINITIALIZED_AUTOS = YES_AGGRESSIVE;
				GCC_WARN_UNUSED_FUNCTION = YES;
				GCC_WARN_UNUSED_VARIABLE = YES;
				IPHONEOS_DEPLOYMENT_TARGET = 13.2;
				MTL_ENABLE_DEBUG_INFO = NO;
				MTL_FAST_MATH = YES;
				SDKROOT = iphoneos;
				SWIFT_COMPILATION_MODE = wholemodule;
				SWIFT_OPTIMIZATION_LEVEL = "-O";
				VALIDATE_PRODUCT = YES;
			};
			name = Release;
		};
		51647D3724665FFA002D2FB9 /* Debug */ = {
			isa = XCBuildConfiguration;
			baseConfigurationReference = 3AE7233B6B8E7EBDF5B35633 /* Pods-DouYuDemo.debug.xcconfig */;
			buildSettings = {
				ASSETCATALOG_COMPILER_APPICON_NAME = AppIcon;
				ASSETCATALOG_COMPILER_LAUNCHIMAGE_NAME = "Brand Assets";
				CODE_SIGN_STYLE = Automatic;
				DEVELOPMENT_TEAM = 6B7282HUP3;
				INFOPLIST_FILE = DouYuDemo/Info.plist;
				IPHONEOS_DEPLOYMENT_TARGET = 9.0;
				LD_RUNPATH_SEARCH_PATHS = (
					"$(inherited)",
					"@executable_path/Frameworks",
				);
				PRODUCT_BUNDLE_IDENTIFIER = com.TS.DouYuDemo;
				PRODUCT_NAME = "$(TARGET_NAME)";
				SWIFT_VERSION = 5.0;
				TARGETED_DEVICE_FAMILY = "1,2";
			};
			name = Debug;
		};
		51647D3824665FFA002D2FB9 /* Release */ = {
			isa = XCBuildConfiguration;
			baseConfigurationReference = 634B65A8F80E52B3FBBF74F6 /* Pods-DouYuDemo.release.xcconfig */;
			buildSettings = {
				ASSETCATALOG_COMPILER_APPICON_NAME = AppIcon;
				ASSETCATALOG_COMPILER_LAUNCHIMAGE_NAME = "Brand Assets";
				CODE_SIGN_STYLE = Automatic;
				DEVELOPMENT_TEAM = 6B7282HUP3;
				INFOPLIST_FILE = DouYuDemo/Info.plist;
				IPHONEOS_DEPLOYMENT_TARGET = 9.0;
				LD_RUNPATH_SEARCH_PATHS = (
					"$(inherited)",
					"@executable_path/Frameworks",
				);
				PRODUCT_BUNDLE_IDENTIFIER = com.TS.DouYuDemo;
				PRODUCT_NAME = "$(TARGET_NAME)";
				SWIFT_VERSION = 5.0;
				TARGETED_DEVICE_FAMILY = "1,2";
			};
			name = Release;
		};
		51647D3A24665FFA002D2FB9 /* Debug */ = {
			isa = XCBuildConfiguration;
			baseConfigurationReference = 9B8D8B6C00075C3C071FF89E /* Pods-DouYuDemoTests.debug.xcconfig */;
			buildSettings = {
				ALWAYS_EMBED_SWIFT_STANDARD_LIBRARIES = YES;
				BUNDLE_LOADER = "$(TEST_HOST)";
				CODE_SIGN_STYLE = Automatic;
				DEVELOPMENT_TEAM = 6B7282HUP3;
				INFOPLIST_FILE = DouYuDemoTests/Info.plist;
				IPHONEOS_DEPLOYMENT_TARGET = 13.2;
				LD_RUNPATH_SEARCH_PATHS = (
					"$(inherited)",
					"@executable_path/Frameworks",
					"@loader_path/Frameworks",
				);
				PRODUCT_BUNDLE_IDENTIFIER = com.TS.DouYuDemoTests;
				PRODUCT_NAME = "$(TARGET_NAME)";
				SWIFT_VERSION = 5.0;
				TARGETED_DEVICE_FAMILY = "1,2";
				TEST_HOST = "$(BUILT_PRODUCTS_DIR)/DouYuDemo.app/DouYuDemo";
			};
			name = Debug;
		};
		51647D3B24665FFA002D2FB9 /* Release */ = {
			isa = XCBuildConfiguration;
			baseConfigurationReference = B92B470364E976F5E14162D8 /* Pods-DouYuDemoTests.release.xcconfig */;
			buildSettings = {
				ALWAYS_EMBED_SWIFT_STANDARD_LIBRARIES = YES;
				BUNDLE_LOADER = "$(TEST_HOST)";
				CODE_SIGN_STYLE = Automatic;
				DEVELOPMENT_TEAM = 6B7282HUP3;
				INFOPLIST_FILE = DouYuDemoTests/Info.plist;
				IPHONEOS_DEPLOYMENT_TARGET = 13.2;
				LD_RUNPATH_SEARCH_PATHS = (
					"$(inherited)",
					"@executable_path/Frameworks",
					"@loader_path/Frameworks",
				);
				PRODUCT_BUNDLE_IDENTIFIER = com.TS.DouYuDemoTests;
				PRODUCT_NAME = "$(TARGET_NAME)";
				SWIFT_VERSION = 5.0;
				TARGETED_DEVICE_FAMILY = "1,2";
				TEST_HOST = "$(BUILT_PRODUCTS_DIR)/DouYuDemo.app/DouYuDemo";
			};
			name = Release;
		};
/* End XCBuildConfiguration section */

/* Begin XCConfigurationList section */
		51647D1224665FF7002D2FB9 /* Build configuration list for PBXProject "DouYuDemo" */ = {
			isa = XCConfigurationList;
			buildConfigurations = (
				51647D3424665FFA002D2FB9 /* Debug */,
				51647D3524665FFA002D2FB9 /* Release */,
			);
			defaultConfigurationIsVisible = 0;
			defaultConfigurationName = Release;
		};
		51647D3624665FFA002D2FB9 /* Build configuration list for PBXNativeTarget "DouYuDemo" */ = {
			isa = XCConfigurationList;
			buildConfigurations = (
				51647D3724665FFA002D2FB9 /* Debug */,
				51647D3824665FFA002D2FB9 /* Release */,
			);
			defaultConfigurationIsVisible = 0;
			defaultConfigurationName = Release;
		};
		51647D3924665FFA002D2FB9 /* Build configuration list for PBXNativeTarget "DouYuDemoTests" */ = {
			isa = XCConfigurationList;
			buildConfigurations = (
				51647D3A24665FFA002D2FB9 /* Debug */,
				51647D3B24665FFA002D2FB9 /* Release */,
			);
			defaultConfigurationIsVisible = 0;
			defaultConfigurationName = Release;
		};
/* End XCConfigurationList section */
	};
	rootObject = 51647D0F24665FF7002D2FB9 /* Project object */;
}
